
Microsoft Visual Studio Solution File, Format Version 12.00
# Visual Studio Version 17
VisualStudioVersion = 17.8.34330.188
MinimumVisualStudioVersion = 10.0.40219.1
Project("{FAE04EC0-301F-11D3-BF4B-00C04F79EFBC}") = "Veget", "Veget\Veget.csproj", "{988BBDE1-AB59-4B34-9F0F-BBC0654971C7}"
EndProject
Global
	GlobalSection(SolutionConfigurationPlatforms) = preSolution
		Debug|Any CPU = Debug|Any CPU
		Release|Any CPU = Release|Any CPU
	EndGlobalSection
	GlobalSection(ProjectConfigurationPlatforms) = postSolution
		{988BBDE1-AB59-4B34-9F0F-BBC0654971C7}.Debug|Any CPU.ActiveCfg = Debug|Any CPU
		{988BBDE1-AB59-4B34-9F0F-BBC0654971C7}.Debug|Any CPU.Build.0 = Debug|Any CPU
		{988BBDE1-AB59-4B34-9F0F-BBC0654971C7}.Release|Any CPU.ActiveCfg = Release|Any CPU
		{988BBDE1-AB59-4B34-9F0F-BBC0654971C7}.Release|Any CPU.Build.0 = Release|Any CPU
	EndGlobalSection
	GlobalSection(SolutionProperties) = preSolution
		HideSolutionNode = FALSE
	EndGlobalSection
	GlobalSection(ExtensibilityGlobals) = postSolution
		SolutionGuid = {0C8B3789-8F3E-40B8-BA48-0FD159013EF7}
	EndGlobalSection
EndGlobal
